
Microsoft Visual Studio Solution File, Format Version 12.00
# Visual Studio Version 16
VisualStudioVersion = 16.0.31729.503
MinimumVisualStudioVersion = 10.0.40219.1
Project("{FAE04EC0-301F-11D3-BF4B-00C04F79EFBC}") = "Palindrome", "Palindrome\Palindrome.csproj", "{D4BF3D0A-1FDC-4DF5-9367-5C0875340DF4}"
EndProject
Global
	GlobalSection(SolutionConfigurationPlatforms) = preSolution
		Debug|Any CPU = Debug|Any CPU
		Release|Any CPU = Release|Any CPU
	EndGlobalSection
	GlobalSection(ProjectConfigurationPlatforms) = postSolution
		{D4BF3D0A-1FDC-4DF5-9367-5C0875340DF4}.Debug|Any CPU.ActiveCfg = Debug|Any CPU
		{D4BF3D0A-1FDC-4DF5-9367-5C0875340DF4}.Debug|Any CPU.Build.0 = Debug|Any CPU
		{D4BF3D0A-1FDC-4DF5-9367-5C0875340DF4}.Release|Any CPU.ActiveCfg = Release|Any CPU
		{D4BF3D0A-1FDC-4DF5-9367-5C0875340DF4}.Release|Any CPU.Build.0 = Release|Any CPU
	EndGlobalSection
	GlobalSection(SolutionProperties) = preSolution
		HideSolutionNode = FALSE
	EndGlobalSection
	GlobalSection(ExtensibilityGlobals) = postSolution
		SolutionGuid = {2735894C-B6A4-40CA-BC4D-BA210931418E}
	EndGlobalSection
EndGlobal
